
Microsoft Visual Studio Solution File, Format Version 12.00
# Visual Studio Version 16
VisualStudioVersion = 16.0.30907.101
MinimumVisualStudioVersion = 10.0.40219.1
Project("{FAE04EC0-301F-11D3-BF4B-00C04F79EFBC}") = "Freshworks.CRM.Client", "Freshworks.CRM.Client\Freshworks.CRM.Client.csproj", "{8DB60D0F-18A2-4EA0-94D5-452E07DD3B6D}"
EndProject
Global
	GlobalSection(SolutionConfigurationPlatforms) = preSolution
		Debug|Any CPU = Debug|Any CPU
		Release|Any CPU = Release|Any CPU
	EndGlobalSection
	GlobalSection(ProjectConfigurationPlatforms) = postSolution
		{8DB60D0F-18A2-4EA0-94D5-452E07DD3B6D}.Debug|Any CPU.ActiveCfg = Debug|Any CPU
		{8DB60D0F-18A2-4EA0-94D5-452E07DD3B6D}.Debug|Any CPU.Build.0 = Debug|Any CPU
		{8DB60D0F-18A2-4EA0-94D5-452E07DD3B6D}.Release|Any CPU.ActiveCfg = Release|Any CPU
		{8DB60D0F-18A2-4EA0-94D5-452E07DD3B6D}.Release|Any CPU.Build.0 = Release|Any CPU
	EndGlobalSection
	GlobalSection(SolutionProperties) = preSolution
		HideSolutionNode = FALSE
	EndGlobalSection
	GlobalSection(ExtensibilityGlobals) = postSolution
		SolutionGuid = {C289334E-E34D-4987-A8EA-1DFBDA31143A}
	EndGlobalSection
EndGlobal
